{
  "version": 4,
  "terraform_version": "1.7.4",
  "serial": 17,
  "lineage": "00ae718a-4133-26f5-152f-825352ba2d05",
  "outputs": {
    "ec2_instance_public_ip": {
      "value": "13.36.211.35",
      "type": "string"
    }
  },
  "resources": [
    {
      "mode": "managed",
      "type": "aws_key_pair",
      "name": "aws_key_for_ec2",
      "provider": "provider[\"registry.terraform.io/hashicorp/aws\"]",
      "instances": [
        {
          "schema_version": 1,
          "attributes": {
            "arn": "arn:aws:ec2:eu-west-3:694151245289:key-pair/aws-ssh-key",
            "fingerprint": "bd:05:93:ad:da:5b:e7:e1:0a:17:b2:24:dc:31:d3:da",
            "id": "aws-ssh-key",
            "key_name": "aws-ssh-key",
            "key_name_prefix": "",
            "key_pair_id": "key-06100166fb956f73c",
            "key_type": "rsa",
            "public_key": "ssh-rsa AAAAB3NzaC1yc2EAAAADAQABAAACAQDImEbSjvU79BO5gBC1s2ArJptrY2z0FwIbwtYHed4sIAgCB5L4YZjoG7d4LhMi9wAkHjf1rQXx9EkzkzPVfVkwK1w6tqgJLat16lAglbVRHoa0dx6Cl2d32R4pzaoa5UDPnfMfL1UeqxhczBwkki1M688Mdex1he7CMDvERS4oNceAV/yQv0Mogki2lJ/1pAUZqp2l0qrczQZXdcLj/9hogDtDkhfK+QnXnbjavG1cS+nawyAT/hknE43cV7Mt/1iRShsqGOnSnsAnlFrwJHtLvIDDF483nUvDap52ghgOswCE/G5WbhgNArEu7luYcYxliAb/R+yCTCYi5Gc6nrTSeplaSBq6ppa9u7iF6JQSid7vOD+K3EkrmwPgSYrjRwMwqk8M0cutrn8XcdWO3122XhfABaYLTaFwMLwYl5iIxlxI2brW5f4PVVghYzRFulYMrIqFEt6ye5HqR+UaC4ihalPlRP+d6qjDRt9APOkTsx4wCG4GAa6vkyJuyXZQacGUb1RiP2FVU1keNT742m3I7ZFQ2wgP61KxceE5JBcg4T0kX6ASmDWDG8k9AvmOfB0xy8aPrfW1GBtUVCUGsjBh8kCyjIIo/CtOuRRb9wSBnFF+dmqKxE9Bz3EOu+uAxhFOe0p9Y6F1/BcDDYlf+dp8AbLg+7rZpA5CUs1fW8Vp2w== oussama.dahbi98@gmail.com",
            "tags": {},
            "tags_all": {}
          },
          "sensitive_attributes": [],
          "private": "eyJzY2hlbWFfdmVyc2lvbiI6IjEifQ=="
        }
      ]
    },
    {
      "mode": "managed",
      "type": "aws_security_group",
      "name": "main",
      "provider": "provider[\"registry.terraform.io/hashicorp/aws\"]",
      "instances": [
        {
          "schema_version": 1,
          "attributes": {
            "arn": "arn:aws:ec2:eu-west-3:694151245289:security-group/sg-00dec96cef434fe80",
            "description": "Managed by Terraform",
            "egress": [
              {
                "cidr_blocks": [
                  "0.0.0.0/0"
                ],
                "description": "",
                "from_port": 0,
                "ipv6_cidr_blocks": [],
                "prefix_list_ids": [],
                "protocol": "-1",
                "security_groups": [],
                "self": false,
                "to_port": 0
              }
            ],
            "id": "sg-00dec96cef434fe80",
            "ingress": [
              {
                "cidr_blocks": [
                  "0.0.0.0/0"
                ],
                "description": "",
                "from_port": 22,
                "ipv6_cidr_blocks": [],
                "prefix_list_ids": [],
                "protocol": "tcp",
                "security_groups": [],
                "self": false,
                "to_port": 22
              },
              {
                "cidr_blocks": [
                  "0.0.0.0/0"
                ],
                "description": "",
                "from_port": 3000,
                "ipv6_cidr_blocks": [],
                "prefix_list_ids": [],
                "protocol": "tcp",
                "security_groups": [],
                "self": false,
                "to_port": 3000
              }
            ],
            "name": "terraform-20240505134623900400000001",
            "name_prefix": "terraform-",
            "owner_id": "694151245289",
            "revoke_rules_on_delete": false,
            "tags": {},
            "tags_all": {},
            "timeouts": null,
            "vpc_id": "vpc-092705ea9a4791e48"
          },
          "sensitive_attributes": [],
          "private": "eyJlMmJmYjczMC1lY2FhLTExZTYtOGY4OC0zNDM2M2JjN2M0YzAiOnsiY3JlYXRlIjo2MDAwMDAwMDAwMDAsImRlbGV0ZSI6OTAwMDAwMDAwMDAwfSwic2NoZW1hX3ZlcnNpb24iOiIxIn0="
        }
      ]
    },
    {
      "module": "module.ec2_instance",
      "mode": "managed",
      "type": "aws_instance",
      "name": "ec2_instance",
      "provider": "provider[\"registry.terraform.io/hashicorp/aws\"]",
      "instances": [
        {
          "schema_version": 1,
          "attributes": {
            "ami": "ami-087da76081e7685da",
            "arn": "arn:aws:ec2:eu-west-3:694151245289:instance/i-0bc7ed0fbc46cf9c6",
            "associate_public_ip_address": true,
            "availability_zone": "eu-west-3c",
            "capacity_reservation_specification": [
              {
                "capacity_reservation_preference": "open",
                "capacity_reservation_target": []
              }
            ],
            "cpu_core_count": 1,
            "cpu_options": [
              {
                "amd_sev_snp": "",
                "core_count": 1,
                "threads_per_core": 1
              }
            ],
            "cpu_threads_per_core": 1,
            "credit_specification": [
              {
                "cpu_credits": "standard"
              }
            ],
            "disable_api_stop": false,
            "disable_api_termination": false,
            "ebs_block_device": [],
            "ebs_optimized": false,
            "enclave_options": [
              {
                "enabled": false
              }
            ],
            "ephemeral_block_device": [],
            "get_password_data": false,
            "hibernation": false,
            "host_id": "",
            "host_resource_group_arn": null,
            "iam_instance_profile": "",
            "id": "i-0bc7ed0fbc46cf9c6",
            "instance_initiated_shutdown_behavior": "stop",
            "instance_state": "running",
            "instance_type": "t2.micro",
            "ipv6_address_count": 0,
            "ipv6_addresses": [],
            "key_name": "aws-ssh-key",
            "launch_template": [],
            "maintenance_options": [
              {
                "auto_recovery": "default"
              }
            ],
            "metadata_options": [
              {
                "http_endpoint": "enabled",
                "http_put_response_hop_limit": 1,
                "http_tokens": "optional",
                "instance_metadata_tags": "disabled"
              }
            ],
            "monitoring": false,
            "network_interface": [],
            "outpost_arn": "",
            "password_data": "",
            "placement_group": "",
            "placement_partition_number": 0,
            "primary_network_interface_id": "eni-073d04edf4e361062",
            "private_dns": "ip-172-31-47-131.eu-west-3.compute.internal",
            "private_dns_name_options": [
              {
                "enable_resource_name_dns_a_record": false,
                "enable_resource_name_dns_aaaa_record": false,
                "hostname_type": "ip-name"
              }
            ],
            "private_ip": "172.31.47.131",
            "public_dns": "ec2-13-36-211-35.eu-west-3.compute.amazonaws.com",
            "public_ip": "13.36.211.35",
            "root_block_device": [
              {
                "delete_on_termination": true,
                "device_name": "/dev/xvda",
                "encrypted": false,
                "iops": 3000,
                "kms_key_id": "",
                "tags": {},
                "throughput": 125,
                "volume_id": "vol-0e14f4e093b72b29f",
                "volume_size": 8,
                "volume_type": "gp3"
              }
            ],
            "secondary_private_ips": [],
            "security_groups": [
              "terraform-20240505134623900400000001"
            ],
            "source_dest_check": true,
            "subnet_id": "subnet-030dbc06c19097684",
            "tags": {
              "Environment": "Development",
              "Name": "MyInstance"
            },
            "tags_all": {
              "Environment": "Development",
              "Name": "MyInstance"
            },
            "tenancy": "default",
            "timeouts": null,
            "user_data": null,
            "user_data_base64": null,
            "user_data_replace_on_change": false,
            "volume_tags": null,
            "vpc_security_group_ids": [
              "sg-00dec96cef434fe80"
            ]
          },
          "sensitive_attributes": [],
          "private": "eyJlMmJmYjczMC1lY2FhLTExZTYtOGY4OC0zNDM2M2JjN2M0YzAiOnsiY3JlYXRlIjo2MDAwMDAwMDAwMDAsImRlbGV0ZSI6MTIwMDAwMDAwMDAwMCwidXBkYXRlIjo2MDAwMDAwMDAwMDB9LCJzY2hlbWFfdmVyc2lvbiI6IjEifQ==",
          "dependencies": [
            "aws_key_pair.aws_key_for_ec2",
            "aws_security_group.main"
          ]
        }
      ]
    }
  ],
  "check_results": null
}
